// !$*UTF8*$!
{
	archiveVersion = 1;
	classes = {
	};
	objectVersion = 50;
	objects = {

/* Begin PBXBuildFile section */
		31B4FD37273F9108007B6A3F /* UIBezierPath+UBWeightedPoint.m in Sources */ = {isa = PBXBuildFile; fileRef = 31B4FD2E273F9107007B6A3F /* UIBezierPath+UBWeightedPoint.m */; };
		31B4FD38273F9108007B6A3F /* UBSignatureBezierProvider.m in Sources */ = {isa = PBXBuildFile; fileRef = 31B4FD32273F9107007B6A3F /* UBSignatureBezierProvider.m */; };
		31B4FD3A273F9108007B6A3F /* UBSignatureDrawingModel.m in Sources */ = {isa = PBXBuildFile; fileRef = 31B4FD34273F9108007B6A3F /* UBSignatureDrawingModel.m */; };
		31B4FD3F273F9F72007B6A3F /* PointUtil.m in Sources */ = {isa = PBXBuildFile; fileRef = 31B4FD3E273F9F72007B6A3F /* PointUtil.m */; };
		31BA6C0227389BA800DE0DAD /* AppDelegate.m in Sources */ = {isa = PBXBuildFile; fileRef = 31BA6C0127389BA800DE0DAD /* AppDelegate.m */; };
		31BA6C0527389BA800DE0DAD /* SceneDelegate.m in Sources */ = {isa = PBXBuildFile; fileRef = 31BA6C0427389BA800DE0DAD /* SceneDelegate.m */; };
		31BA6C0827389BA900DE0DAD /* ViewController.m in Sources */ = {isa = PBXBuildFile; fileRef = 31BA6C0727389BA900DE0DAD /* ViewController.m */; };
		31BA6C0B27389BA900DE0DAD /* Main.storyboard in Resources */ = {isa = PBXBuildFile; fileRef = 31BA6C0927389BA900DE0DAD /* Main.storyboard */; };
		31BA6C0E27389BA900DE0DAD /* AA.xcdatamodeld in Sources */ = {isa = PBXBuildFile; fileRef = 31BA6C0C27389BA900DE0DAD /* AA.xcdatamodeld */; };
		31BA6C1027389BB300DE0DAD /* Assets.xcassets in Resources */ = {isa = PBXBuildFile; fileRef = 31BA6C0F27389BB300DE0DAD /* Assets.xcassets */; };
		31BA6C1327389BB300DE0DAD /* LaunchScreen.storyboard in Resources */ = {isa = PBXBuildFile; fileRef = 31BA6C1127389BB300DE0DAD /* LaunchScreen.storyboard */; };
		31BA6C1627389BB300DE0DAD /* main.m in Sources */ = {isa = PBXBuildFile; fileRef = 31BA6C1527389BB300DE0DAD /* main.m */; };
		31BA6C2027389BB400DE0DAD /* AATests.m in Sources */ = {isa = PBXBuildFile; fileRef = 31BA6C1F27389BB400DE0DAD /* AATests.m */; };
		31BA6C2B27389BB400DE0DAD /* AAUITests.m in Sources */ = {isa = PBXBuildFile; fileRef = 31BA6C2A27389BB400DE0DAD /* AAUITests.m */; };
/* End PBXBuildFile section */

/* Begin PBXContainerItemProxy section */
		31BA6C1C27389BB400DE0DAD /* PBXContainerItemProxy */ = {
			isa = PBXContainerItemProxy;
			containerPortal = 31BA6BF527389BA800DE0DAD /* Project object */;
			proxyType = 1;
			remoteGlobalIDString = 31BA6BFC27389BA800DE0DAD;
			remoteInfo = AA;
		};
		31BA6C2727389BB400DE0DAD /* PBXContainerItemProxy */ = {
			isa = PBXContainerItemProxy;
			containerPortal = 31BA6BF527389BA800DE0DAD /* Project object */;
			proxyType = 1;
			remoteGlobalIDString = 31BA6BFC27389BA800DE0DAD;
			remoteInfo = AA;
		};
/* End PBXContainerItemProxy section */

/* Begin PBXFileReference section */
		31B4FD2E273F9107007B6A3F /* UIBezierPath+UBWeightedPoint.m */ = {isa = PBXFileReference; fileEncoding = 4; lastKnownFileType = sourcecode.c.objc; path = "UIBezierPath+UBWeightedPoint.m"; sourceTree = "<group>"; };
		31B4FD2F273F9107007B6A3F /* UIBezierPath+UBWeightedPoint.h */ = {isa = PBXFileReference; fileEncoding = 4; lastKnownFileType = sourcecode.c.h; path = "UIBezierPath+UBWeightedPoint.h"; sourceTree = "<group>"; };
		31B4FD30273F9107007B6A3F /* UBCGPointHelpers.h */ = {isa = PBXFileReference; fileEncoding = 4; lastKnownFileType = sourcecode.c.h; path = UBCGPointHelpers.h; sourceTree = "<group>"; };
		31B4FD32273F9107007B6A3F /* UBSignatureBezierProvider.m */ = {isa = PBXFileReference; fileEncoding = 4; lastKnownFileType = sourcecode.c.objc; path = UBSignatureBezierProvider.m; sourceTree = "<group>"; };
		31B4FD34273F9108007B6A3F /* UBSignatureDrawingModel.m */ = {isa = PBXFileReference; fileEncoding = 4; lastKnownFileType = sourcecode.c.objc; path = UBSignatureDrawingModel.m; sourceTree = "<group>"; };
		31B4FD35273F9108007B6A3F /* UBSignatureBezierProvider.h */ = {isa = PBXFileReference; fileEncoding = 4; lastKnownFileType = sourcecode.c.h; path = UBSignatureBezierProvider.h; sourceTree = "<group>"; };
		31B4FD36273F9108007B6A3F /* UBSignatureDrawingModel.h */ = {isa = PBXFileReference; fileEncoding = 4; lastKnownFileType = sourcecode.c.h; path = UBSignatureDrawingModel.h; sourceTree = "<group>"; };
		31B4FD3E273F9F72007B6A3F /* PointUtil.m */ = {isa = PBXFileReference; lastKnownFileType = sourcecode.c.objc; path = PointUtil.m; sourceTree = "<group>"; };
		31B4FD40273F9FE0007B6A3F /* PointUtil.h */ = {isa = PBXFileReference; lastKnownFileType = sourcecode.c.h; path = PointUtil.h; sourceTree = "<group>"; };
		31BA6BFD27389BA800DE0DAD /* AA.app */ = {isa = PBXFileReference; explicitFileType = wrapper.application; includeInIndex = 0; path = AA.app; sourceTree = BUILT_PRODUCTS_DIR; };
		31BA6C0027389BA800DE0DAD /* AppDelegate.h */ = {isa = PBXFileReference; lastKnownFileType = sourcecode.c.h; path = AppDelegate.h; sourceTree = "<group>"; };
		31BA6C0127389BA800DE0DAD /* AppDelegate.m */ = {isa = PBXFileReference; lastKnownFileType = sourcecode.c.objc; path = AppDelegate.m; sourceTree = "<group>"; };
		31BA6C0327389BA800DE0DAD /* SceneDelegate.h */ = {isa = PBXFileReference; lastKnownFileType = sourcecode.c.h; path = SceneDelegate.h; sourceTree = "<group>"; };
		31BA6C0427389BA800DE0DAD /* SceneDelegate.m */ = {isa = PBXFileReference; lastKnownFileType = sourcecode.c.objc; path = SceneDelegate.m; sourceTree = "<group>"; };
		31BA6C0627389BA900DE0DAD /* ViewController.h */ = {isa = PBXFileReference; lastKnownFileType = sourcecode.c.h; path = ViewController.h; sourceTree = "<group>"; };
		31BA6C0727389BA900DE0DAD /* ViewController.m */ = {isa = PBXFileReference; lastKnownFileType = sourcecode.c.objc; path = ViewController.m; sourceTree = "<group>"; };
		31BA6C0A27389BA900DE0DAD /* Base */ = {isa = PBXFileReference; lastKnownFileType = file.storyboard; name = Base; path = Base.lproj/Main.storyboard; sourceTree = "<group>"; };
		31BA6C0D27389BA900DE0DAD /* AA.xcdatamodel */ = {isa = PBXFileReference; lastKnownFileType = wrapper.xcdatamodel; path = AA.xcdatamodel; sourceTree = "<group>"; };
		31BA6C0F27389BB300DE0DAD /* Assets.xcassets */ = {isa = PBXFileReference; lastKnownFileType = folder.assetcatalog; path = Assets.xcassets; sourceTree = "<group>"; };
		31BA6C1227389BB300DE0DAD /* Base */ = {isa = PBXFileReference; lastKnownFileType = file.storyboard; name = Base; path = Base.lproj/LaunchScreen.storyboard; sourceTree = "<group>"; };
		31BA6C1427389BB300DE0DAD /* Info.plist */ = {isa = PBXFileReference; lastKnownFileType = text.plist.xml; path = Info.plist; sourceTree = "<group>"; };
		31BA6C1527389BB300DE0DAD /* main.m */ = {isa = PBXFileReference; lastKnownFileType = sourcecode.c.objc; path = main.m; sourceTree = "<group>"; };
		31BA6C1B27389BB400DE0DAD /* AATests.xctest */ = {isa = PBXFileReference; explicitFileType = wrapper.cfbundle; includeInIndex = 0; path = AATests.xctest; sourceTree = BUILT_PRODUCTS_DIR; };
		31BA6C1F27389BB400DE0DAD /* AATests.m */ = {isa = PBXFileReference; lastKnownFileType = sourcecode.c.objc; path = AATests.m; sourceTree = "<group>"; };
		31BA6C2127389BB400DE0DAD /* Info.plist */ = {isa = PBXFileReference; lastKnownFileType = text.plist.xml; path = Info.plist; sourceTree = "<group>"; };
		31BA6C2627389BB400DE0DAD /* AAUITests.xctest */ = {isa = PBXFileReference; explicitFileType = wrapper.cfbundle; includeInIndex = 0; path = AAUITests.xctest; sourceTree = BUILT_PRODUCTS_DIR; };
		31BA6C2A27389BB400DE0DAD /* AAUITests.m */ = {isa = PBXFileReference; lastKnownFileType = sourcecode.c.objc; path = AAUITests.m; sourceTree = "<group>"; };
		31BA6C2C27389BB400DE0DAD /* Info.plist */ = {isa = PBXFileReference; lastKnownFileType = text.plist.xml; path = Info.plist; sourceTree = "<group>"; };
/* End PBXFileReference section */

/* Begin PBXFrameworksBuildPhase section */
		31BA6BFA27389BA800DE0DAD /* Frameworks */ = {
			isa = PBXFrameworksBuildPhase;
			buildActionMask = 2147483647;
			files = (
			);
			runOnlyForDeploymentPostprocessing = 0;
		};
		31BA6C1827389BB400DE0DAD /* Frameworks */ = {
			isa = PBXFrameworksBuildPhase;
			buildActionMask = 2147483647;
			files = (
			);
			runOnlyForDeploymentPostprocessing = 0;
		};
		31BA6C2327389BB400DE0DAD /* Frameworks */ = {
			isa = PBXFrameworksBuildPhase;
			buildActionMask = 2147483647;
			files = (
			);
			runOnlyForDeploymentPostprocessing = 0;
		};
/* End PBXFrameworksBuildPhase section */

/* Begin PBXGroup section */
		31BA6BF427389BA800DE0DAD = {
			isa = PBXGroup;
			children = (
				31BA6BFF27389BA800DE0DAD /* AA */,
				31BA6C1E27389BB400DE0DAD /* AATests */,
				31BA6C2927389BB400DE0DAD /* AAUITests */,
				31BA6BFE27389BA800DE0DAD /* Products */,
			);
			sourceTree = "<group>";
		};
		31BA6BFE27389BA800DE0DAD /* Products */ = {
			isa = PBXGroup;
			children = (
				31BA6BFD27389BA800DE0DAD /* AA.app */,
				31BA6C1B27389BB400DE0DAD /* AATests.xctest */,
				31BA6C2627389BB400DE0DAD /* AAUITests.xctest */,
			);
			name = Products;
			sourceTree = "<group>";
		};
		31BA6BFF27389BA800DE0DAD /* AA */ = {
			isa = PBXGroup;
			children = (
				31B4FD30273F9107007B6A3F /* UBCGPointHelpers.h */,
				31B4FD35273F9108007B6A3F /* UBSignatureBezierProvider.h */,
				31B4FD32273F9107007B6A3F /* UBSignatureBezierProvider.m */,
				31B4FD36273F9108007B6A3F /* UBSignatureDrawingModel.h */,
				31B4FD34273F9108007B6A3F /* UBSignatureDrawingModel.m */,
				31B4FD2F273F9107007B6A3F /* UIBezierPath+UBWeightedPoint.h */,
				31B4FD2E273F9107007B6A3F /* UIBezierPath+UBWeightedPoint.m */,
				31BA6C0027389BA800DE0DAD /* AppDelegate.h */,
				31BA6C0127389BA800DE0DAD /* AppDelegate.m */,
				31BA6C0327389BA800DE0DAD /* SceneDelegate.h */,
				31BA6C0427389BA800DE0DAD /* SceneDelegate.m */,
				31BA6C0627389BA900DE0DAD /* ViewController.h */,
				31BA6C0727389BA900DE0DAD /* ViewController.m */,
				31BA6C0927389BA900DE0DAD /* Main.storyboard */,
				31BA6C0F27389BB300DE0DAD /* Assets.xcassets */,
				31BA6C1127389BB300DE0DAD /* LaunchScreen.storyboard */,
				31BA6C1427389BB300DE0DAD /* Info.plist */,
				31BA6C1527389BB300DE0DAD /* main.m */,
				31BA6C0C27389BA900DE0DAD /* AA.xcdatamodeld */,
				31B4FD3E273F9F72007B6A3F /* PointUtil.m */,
				31B4FD40273F9FE0007B6A3F /* PointUtil.h */,
			);
			path = AA;
			sourceTree = "<group>";
		};
		31BA6C1E27389BB400DE0DAD /* AATests */ = {
			isa = PBXGroup;
			children = (
				31BA6C1F27389BB400DE0DAD /* AATests.m */,
				31BA6C2127389BB400DE0DAD /* Info.plist */,
			);
			path = AATests;
			sourceTree = "<group>";
		};
		31BA6C2927389BB400DE0DAD /* AAUITests */ = {
			isa = PBXGroup;
			children = (
				31BA6C2A27389BB400DE0DAD /* AAUITests.m */,
				31BA6C2C27389BB400DE0DAD /* Info.plist */,
			);
			path = AAUITests;
			sourceTree = "<group>";
		};
/* End PBXGroup section */

/* Begin PBXNativeTarget section */
		31BA6BFC27389BA800DE0DAD /* AA */ = {
			isa = PBXNativeTarget;
			buildConfigurationList = 31BA6C2F27389BB400DE0DAD /* Build configuration list for PBXNativeTarget "AA" */;
			buildPhases = (
				31BA6BF927389BA800DE0DAD /* Sources */,
				31BA6BFA27389BA800DE0DAD /* Frameworks */,
				31BA6BFB27389BA800DE0DAD /* Resources */,
			);
			buildRules = (
			);
			dependencies = (
			);
			name = AA;
			productName = AA;
			productReference = 31BA6BFD27389BA800DE0DAD /* AA.app */;
			productType = "com.apple.product-type.application";
		};
		31BA6C1A27389BB400DE0DAD /* AATests */ = {
			isa = PBXNativeTarget;
			buildConfigurationList = 31BA6C3227389BB400DE0DAD /* Build configuration list for PBXNativeTarget "AATests" */;
			buildPhases = (
				31BA6C1727389BB400DE0DAD /* Sources */,
				31BA6C1827389BB400DE0DAD /* Frameworks */,
				31BA6C1927389BB400DE0DAD /* Resources */,
			);
			buildRules = (
			);
			dependencies = (
				31BA6C1D27389BB400DE0DAD /* PBXTargetDependency */,
			);
			name = AATests;
			productName = AATests;
			productReference = 31BA6C1B27389BB400DE0DAD /* AATests.xctest */;
			productType = "com.apple.product-type.bundle.unit-test";
		};
		31BA6C2527389BB400DE0DAD /* AAUITests */ = {
			isa = PBXNativeTarget;
			buildConfigurationList = 31BA6C3527389BB400DE0DAD /* Build configuration list for PBXNativeTarget "AAUITests" */;
			buildPhases = (
				31BA6C2227389BB400DE0DAD /* Sources */,
				31BA6C2327389BB400DE0DAD /* Frameworks */,
				31BA6C2427389BB400DE0DAD /* Resources */,
			);
			buildRules = (
			);
			dependencies = (
				31BA6C2827389BB400DE0DAD /* PBXTargetDependency */,
			);
			name = AAUITests;
			productName = AAUITests;
			productReference = 31BA6C2627389BB400DE0DAD /* AAUITests.xctest */;
			productType = "com.apple.product-type.bundle.ui-testing";
		};
/* End PBXNativeTarget section */

/* Begin PBXProject section */
		31BA6BF527389BA800DE0DAD /* Project object */ = {
			isa = PBXProject;
			attributes = {
				LastUpgradeCheck = 1250;
				TargetAttributes = {
					31BA6BFC27389BA800DE0DAD = {
						CreatedOnToolsVersion = 12.5;
					};
					31BA6C1A27389BB400DE0DAD = {
						CreatedOnToolsVersion = 12.5;
						TestTargetID = 31BA6BFC27389BA800DE0DAD;
					};
					31BA6C2527389BB400DE0DAD = {
						CreatedOnToolsVersion = 12.5;
						TestTargetID = 31BA6BFC27389BA800DE0DAD;
					};
				};
			};
			buildConfigurationList = 31BA6BF827389BA800DE0DAD /* Build configuration list for PBXProject "AA" */;
			compatibilityVersion = "Xcode 9.3";
			developmentRegion = en;
			hasScannedForEncodings = 0;
			knownRegions = (
				en,
				Base,
			);
			mainGroup = 31BA6BF427389BA800DE0DAD;
			productRefGroup = 31BA6BFE27389BA800DE0DAD /* Products */;
			projectDirPath = "";
			projectRoot = "";
			targets = (
				31BA6BFC27389BA800DE0DAD /* AA */,
				31BA6C1A27389BB400DE0DAD /* AATests */,
				31BA6C2527389BB400DE0DAD /* AAUITests */,
			);
		};
/* End PBXProject section */

/* Begin PBXResourcesBuildPhase section */
		31BA6BFB27389BA800DE0DAD /* Resources */ = {
			isa = PBXResourcesBuildPhase;
			buildActionMask = 2147483647;
			files = (
				31BA6C1327389BB300DE0DAD /* LaunchScreen.storyboard in Resources */,
				31BA6C1027389BB300DE0DAD /* Assets.xcassets in Resources */,
				31BA6C0B27389BA900DE0DAD /* Main.storyboard in Resources */,
			);
			runOnlyForDeploymentPostprocessing = 0;
		};
		31BA6C1927389BB400DE0DAD /* Resources */ = {
			isa = PBXResourcesBuildPhase;
			buildActionMask = 2147483647;
			files = (
			);
			runOnlyForDeploymentPostprocessing = 0;
		};
		31BA6C2427389BB400DE0DAD /* Resources */ = {
			isa = PBXResourcesBuildPhase;
			buildActionMask = 2147483647;
			files = (
			);
			runOnlyForDeploymentPostprocessing = 0;
		};
/* End PBXResourcesBuildPhase section */

/* Begin PBXSourcesBuildPhase section */
		31BA6BF927389BA800DE0DAD /* Sources */ = {
			isa = PBXSourcesBuildPhase;
			buildActionMask = 2147483647;
			files = (
				31BA6C1627389BB300DE0DAD /* main.m in Sources */,
				31B4FD38273F9108007B6A3F /* UBSignatureBezierProvider.m in Sources */,
				31BA6C0827389BA900DE0DAD /* ViewController.m in Sources */,
				31BA6C0E27389BA900DE0DAD /* AA.xcdatamodeld in Sources */,
				31BA6C0227389BA800DE0DAD /* AppDelegate.m in Sources */,
				31B4FD37273F9108007B6A3F /* UIBezierPath+UBWeightedPoint.m in Sources */,
				31B4FD3F273F9F72007B6A3F /* PointUtil.m in Sources */,
				31B4FD3A273F9108007B6A3F /* UBSignatureDrawingModel.m in Sources */,
				31BA6C0527389BA800DE0DAD /* SceneDelegate.m in Sources */,
			);
			runOnlyForDeploymentPostprocessing = 0;
		};
		31BA6C1727389BB400DE0DAD /* Sources */ = {
			isa = PBXSourcesBuildPhase;
			buildActionMask = 2147483647;
			files = (
				31BA6C2027389BB400DE0DAD /* AATests.m in Sources */,
			);
			runOnlyForDeploymentPostprocessing = 0;
		};
		31BA6C2227389BB400DE0DAD /* Sources */ = {
			isa = PBXSourcesBuildPhase;
			buildActionMask = 2147483647;
			files = (
				31BA6C2B27389BB400DE0DAD /* AAUITests.m in Sources */,
			);
			runOnlyForDeploymentPostprocessing = 0;
		};
/* End PBXSourcesBuildPhase section */

/* Begin PBXTargetDependency section */
		31BA6C1D27389BB400DE0DAD /* PBXTargetDependency */ = {
			isa = PBXTargetDependency;
			target = 31BA6BFC27389BA800DE0DAD /* AA */;
			targetProxy = 31BA6C1C27389BB400DE0DAD /* PBXContainerItemProxy */;
		};
		31BA6C2827389BB400DE0DAD /* PBXTargetDependency */ = {
			isa = PBXTargetDependency;
			target = 31BA6BFC27389BA800DE0DAD /* AA */;
			targetProxy = 31BA6C2727389BB400DE0DAD /* PBXContainerItemProxy */;
		};
/* End PBXTargetDependency section */

/* Begin PBXVariantGroup section */
		31BA6C0927389BA900DE0DAD /* Main.storyboard */ = {
			isa = PBXVariantGroup;
			children = (
				31BA6C0A27389BA900DE0DAD /* Base */,
			);
			name = Main.storyboard;
			sourceTree = "<group>";
		};
		31BA6C1127389BB300DE0DAD /* LaunchScreen.storyboard */ = {
			isa = PBXVariantGroup;
			children = (
				31BA6C1227389BB300DE0DAD /* Base */,
			);
			name = LaunchScreen.storyboard;
			sourceTree = "<group>";
		};
/* End PBXVariantGroup section */

/* Begin XCBuildConfiguration section */
		31BA6C2D27389BB400DE0DAD /* Debug */ = {
			isa = XCBuildConfiguration;
			buildSettings = {
				ALWAYS_SEARCH_USER_PATHS = NO;
				CLANG_ANALYZER_NONNULL = YES;
				CLANG_ANALYZER_NUMBER_OBJECT_CONVERSION = YES_AGGRESSIVE;
				CLANG_CXX_LANGUAGE_STANDARD = "gnu++14";
				CLANG_CXX_LIBRARY = "libc++";
				CLANG_ENABLE_MODULES = YES;
				CLANG_ENABLE_OBJC_ARC = YES;
				CLANG_ENABLE_OBJC_WEAK = YES;
				CLANG_WARN_BLOCK_CAPTURE_AUTORELEASING = YES;
				CLANG_WARN_BOOL_CONVERSION = YES;
				CLANG_WARN_COMMA = YES;
				CLANG_WARN_CONSTANT_CONVERSION = YES;
				CLANG_WARN_DEPRECATED_OBJC_IMPLEMENTATIONS = YES;
				CLANG_WARN_DIRECT_OBJC_ISA_USAGE = YES_ERROR;
				CLANG_WARN_DOCUMENTATION_COMMENTS = YES;
				CLANG_WARN_EMPTY_BODY = YES;
				CLANG_WARN_ENUM_CONVERSION = YES;
				CLANG_WARN_INFINITE_RECURSION = YES;
				CLANG_WARN_INT_CONVERSION = YES;
				CLANG_WARN_NON_LITERAL_NULL_CONVERSION = YES;
				CLANG_WARN_OBJC_IMPLICIT_RETAIN_SELF = YES;
				CLANG_WARN_OBJC_LITERAL_CONVERSION = YES;
				CLANG_WARN_OBJC_ROOT_CLASS = YES_ERROR;
				CLANG_WARN_QUOTED_INCLUDE_IN_FRAMEWORK_HEADER = YES;
				CLANG_WARN_RANGE_LOOP_ANALYSIS = YES;
				CLANG_WARN_STRICT_PROTOTYPES = YES;
				CLANG_WARN_SUSPICIOUS_MOVE = YES;
				CLANG_WARN_UNGUARDED_AVAILABILITY = YES_AGGRESSIVE;
				CLANG_WARN_UNREACHABLE_CODE = YES;
				CLANG_WARN__DUPLICATE_METHOD_MATCH = YES;
				COPY_PHASE_STRIP = NO;
				DEBUG_INFORMATION_FORMAT = dwarf;
				ENABLE_STRICT_OBJC_MSGSEND = YES;
				ENABLE_TESTABILITY = YES;
				GCC_C_LANGUAGE_STANDARD = gnu11;
				GCC_DYNAMIC_NO_PIC = NO;
				GCC_NO_COMMON_BLOCKS = YES;
				GCC_OPTIMIZATION_LEVEL = 0;
				GCC_PREPROCESSOR_DEFINITIONS = (
					"DEBUG=1",
					"$(inherited)",
				);
				GCC_WARN_64_TO_32_BIT_CONVERSION = YES;
				GCC_WARN_ABOUT_RETURN_TYPE = YES_ERROR;
				GCC_WARN_UNDECLARED_SELECTOR = YES;
				GCC_WARN_UNINITIALIZED_AUTOS = YES_AGGRESSIVE;
				GCC_WARN_UNUSED_FUNCTION = YES;
				GCC_WARN_UNUSED_VARIABLE = YES;
				IPHONEOS_DEPLOYMENT_TARGET = 14.5;
				MTL_ENABLE_DEBUG_INFO = INCLUDE_SOURCE;
				MTL_FAST_MATH = YES;
				ONLY_ACTIVE_ARCH = YES;
				SDKROOT = iphoneos;
			};
			name = Debug;
		};
		31BA6C2E27389BB400DE0DAD /* Release */ = {
			isa = XCBuildConfiguration;
			buildSettings = {
				ALWAYS_SEARCH_USER_PATHS = NO;
				CLANG_ANALYZER_NONNULL = YES;
				CLANG_ANALYZER_NUMBER_OBJECT_CONVERSION = YES_AGGRESSIVE;
				CLANG_CXX_LANGUAGE_STANDARD = "gnu++14";
				CLANG_CXX_LIBRARY = "libc++";
				CLANG_ENABLE_MODULES = YES;
				CLANG_ENABLE_OBJC_ARC = YES;
				CLANG_ENABLE_OBJC_WEAK = YES;
				CLANG_WARN_BLOCK_CAPTURE_AUTORELEASING = YES;
				CLANG_WARN_BOOL_CONVERSION = YES;
				CLANG_WARN_COMMA = YES;
				CLANG_WARN_CONSTANT_CONVERSION = YES;
				CLANG_WARN_DEPRECATED_OBJC_IMPLEMENTATIONS = YES;
				CLANG_WARN_DIRECT_OBJC_ISA_USAGE = YES_ERROR;
				CLANG_WARN_DOCUMENTATION_COMMENTS = YES;
				CLANG_WARN_EMPTY_BODY = YES;
				CLANG_WARN_ENUM_CONVERSION = YES;
				CLANG_WARN_INFINITE_RECURSION = YES;
				CLANG_WARN_INT_CONVERSION = YES;
				CLANG_WARN_NON_LITERAL_NULL_CONVERSION = YES;
				CLANG_WARN_OBJC_IMPLICIT_RETAIN_SELF = YES;
				CLANG_WARN_OBJC_LITERAL_CONVERSION = YES;
				CLANG_WARN_OBJC_ROOT_CLASS = YES_ERROR;
				CLANG_WARN_QUOTED_INCLUDE_IN_FRAMEWORK_HEADER = YES;
				CLANG_WARN_RANGE_LOOP_ANALYSIS = YES;
				CLANG_WARN_STRICT_PROTOTYPES = YES;
				CLANG_WARN_SUSPICIOUS_MOVE = YES;
				CLANG_WARN_UNGUARDED_AVAILABILITY = YES_AGGRESSIVE;
				CLANG_WARN_UNREACHABLE_CODE = YES;
				CLANG_WARN__DUPLICATE_METHOD_MATCH = YES;
				COPY_PHASE_STRIP = NO;
				DEBUG_INFORMATION_FORMAT = "dwarf-with-dsym";
				ENABLE_NS_ASSERTIONS = NO;
				ENABLE_STRICT_OBJC_MSGSEND = YES;
				GCC_C_LANGUAGE_STANDARD = gnu11;
				GCC_NO_COMMON_BLOCKS = YES;
				GCC_WARN_64_TO_32_BIT_CONVERSION = YES;
				GCC_WARN_ABOUT_RETURN_TYPE = YES_ERROR;
				GCC_WARN_UNDECLARED_SELECTOR = YES;
				GCC_WARN_UNINITIALIZED_AUTOS = YES_AGGRESSIVE;
				GCC_WARN_UNUSED_FUNCTION = YES;
				GCC_WARN_UNUSED_VARIABLE = YES;
				IPHONEOS_DEPLOYMENT_TARGET = 14.5;
				MTL_ENABLE_DEBUG_INFO = NO;
				MTL_FAST_MATH = YES;
				SDKROOT = iphoneos;
				VALIDATE_PRODUCT = YES;
			};
			name = Release;
		};
		31BA6C3027389BB400DE0DAD /* Debug */ = {
			isa = XCBuildConfiguration;
			buildSettings = {
				ASSETCATALOG_COMPILER_APPICON_NAME = AppIcon;
				ASSETCATALOG_COMPILER_GLOBAL_ACCENT_COLOR_NAME = AccentColor;
				CODE_SIGN_STYLE = Automatic;
				INFOPLIST_FILE = AA/Info.plist;
				LD_RUNPATH_SEARCH_PATHS = (
					"$(inherited)",
					"@executable_path/Frameworks",
				);
				PRODUCT_BUNDLE_IDENTIFIER = eer.AA;
				PRODUCT_NAME = "$(TARGET_NAME)";
				TARGETED_DEVICE_FAMILY = 2;
			};
			name = Debug;
		};
		31BA6C3127389BB400DE0DAD /* Release */ = {
			isa = XCBuildConfiguration;
			buildSettings = {
				ASSETCATALOG_COMPILER_APPICON_NAME = AppIcon;
				ASSETCATALOG_COMPILER_GLOBAL_ACCENT_COLOR_NAME = AccentColor;
				CODE_SIGN_STYLE = Automatic;
				INFOPLIST_FILE = AA/Info.plist;
				LD_RUNPATH_SEARCH_PATHS = (
					"$(inherited)",
					"@executable_path/Frameworks",
				);
				PRODUCT_BUNDLE_IDENTIFIER = eer.AA;
				PRODUCT_NAME = "$(TARGET_NAME)";
				TARGETED_DEVICE_FAMILY = 2;
			};
			name = Release;
		};
		31BA6C3327389BB400DE0DAD /* Debug */ = {
			isa = XCBuildConfiguration;
			buildSettings = {
				BUNDLE_LOADER = "$(TEST_HOST)";
				CODE_SIGN_STYLE = Automatic;
				INFOPLIST_FILE = AATests/Info.plist;
				IPHONEOS_DEPLOYMENT_TARGET = 14.5;
				LD_RUNPATH_SEARCH_PATHS = (
					"$(inherited)",
					"@executable_path/Frameworks",
					"@loader_path/Frameworks",
				);
				PRODUCT_BUNDLE_IDENTIFIER = eer.AATests;
				PRODUCT_NAME = "$(TARGET_NAME)";
				TARGETED_DEVICE_FAMILY = "1,2";
				TEST_HOST = "$(BUILT_PRODUCTS_DIR)/AA.app/AA";
			};
			name = Debug;
		};
		31BA6C3427389BB400DE0DAD /* Release */ = {
			isa = XCBuildConfiguration;
			buildSettings = {
				BUNDLE_LOADER = "$(TEST_HOST)";
				CODE_SIGN_STYLE = Automatic;
				INFOPLIST_FILE = AATests/Info.plist;
				IPHONEOS_DEPLOYMENT_TARGET = 14.5;
				LD_RUNPATH_SEARCH_PATHS = (
					"$(inherited)",
					"@executable_path/Frameworks",
					"@loader_path/Frameworks",
				);
				PRODUCT_BUNDLE_IDENTIFIER = eer.AATests;
				PRODUCT_NAME = "$(TARGET_NAME)";
				TARGETED_DEVICE_FAMILY = "1,2";
				TEST_HOST = "$(BUILT_PRODUCTS_DIR)/AA.app/AA";
			};
			name = Release;
		};
		31BA6C3627389BB400DE0DAD /* Debug */ = {
			isa = XCBuildConfiguration;
			buildSettings = {
				CODE_SIGN_STYLE = Automatic;
				INFOPLIST_FILE = AAUITests/Info.plist;
				LD_RUNPATH_SEARCH_PATHS = (
					"$(inherited)",
					"@executable_path/Frameworks",
					"@loader_path/Frameworks",
				);
				PRODUCT_BUNDLE_IDENTIFIER = eer.AAUITests;
				PRODUCT_NAME = "$(TARGET_NAME)";
				TARGETED_DEVICE_FAMILY = "1,2";
				TEST_TARGET_NAME = AA;
			};
			name = Debug;
		};
		31BA6C3727389BB400DE0DAD /* Release */ = {
			isa = XCBuildConfiguration;
			buildSettings = {
				CODE_SIGN_STYLE = Automatic;
				INFOPLIST_FILE = AAUITests/Info.plist;
				LD_RUNPATH_SEARCH_PATHS = (
					"$(inherited)",
					"@executable_path/Frameworks",
					"@loader_path/Frameworks",
				);
				PRODUCT_BUNDLE_IDENTIFIER = eer.AAUITests;
				PRODUCT_NAME = "$(TARGET_NAME)";
				TARGETED_DEVICE_FAMILY = "1,2";
				TEST_TARGET_NAME = AA;
			};
			name = Release;
		};
/* End XCBuildConfiguration section */

/* Begin XCConfigurationList section */
		31BA6BF827389BA800DE0DAD /* Build configuration list for PBXProject "AA" */ = {
			isa = XCConfigurationList;
			buildConfigurations = (
				31BA6C2D27389BB400DE0DAD /* Debug */,
				31BA6C2E27389BB400DE0DAD /* Release */,
			);
			defaultConfigurationIsVisible = 0;
			defaultConfigurationName = Release;
		};
		31BA6C2F27389BB400DE0DAD /* Build configuration list for PBXNativeTarget "AA" */ = {
			isa = XCConfigurationList;
			buildConfigurations = (
				31BA6C3027389BB400DE0DAD /* Debug */,
				31BA6C3127389BB400DE0DAD /* Release */,
			);
			defaultConfigurationIsVisible = 0;
			defaultConfigurationName = Release;
		};
		31BA6C3227389BB400DE0DAD /* Build configuration list for PBXNativeTarget "AATests" */ = {
			isa = XCConfigurationList;
			buildConfigurations = (
				31BA6C3327389BB400DE0DAD /* Debug */,
				31BA6C3427389BB400DE0DAD /* Release */,
			);
			defaultConfigurationIsVisible = 0;
			defaultConfigurationName = Release;
		};
		31BA6C3527389BB400DE0DAD /* Build configuration list for PBXNativeTarget "AAUITests" */ = {
			isa = XCConfigurationList;
			buildConfigurations = (
				31BA6C3627389BB400DE0DAD /* Debug */,
				31BA6C3727389BB400DE0DAD /* Release */,
			);
			defaultConfigurationIsVisible = 0;
			defaultConfigurationName = Release;
		};
/* End XCConfigurationList section */

/* Begin XCVersionGroup section */
		31BA6C0C27389BA900DE0DAD /* AA.xcdatamodeld */ = {
			isa = XCVersionGroup;
			children = (
				31BA6C0D27389BA900DE0DAD /* AA.xcdatamodel */,
			);
			currentVersion = 31BA6C0D27389BA900DE0DAD /* AA.xcdatamodel */;
			path = AA.xcdatamodeld;
			sourceTree = "<group>";
			versionGroupType = wrapper.xcdatamodel;
		};
/* End XCVersionGroup section */
	};
	rootObject = 31BA6BF527389BA800DE0DAD /* Project object */;
}
